
Microsoft Visual Studio Solution File, Format Version 12.00
# Visual Studio Version 17
VisualStudioVersion = 17.0.31903.59
MinimumVisualStudioVersion = 10.0.40219.1
Project("{2150E333-8FDC-42A3-9474-1A3956D46DE8}") = "src", "src", "{64EC4C88-F938-4ACF-B051-01D5B41767BE}"
EndProject
Project("{2150E333-8FDC-42A3-9474-1A3956D46DE8}") = "Services", "Services", "{6FA2E35E-4FEB-41FE-B419-E43DAFB6C47E}"
EndProject
Project("{2150E333-8FDC-42A3-9474-1A3956D46DE8}") = "AuctionService", "AuctionService", "{ABCF35CC-97A1-4258-8BA5-F6528851CB52}"
EndProject
Project("{9A19103F-16F7-4668-BE54-9A1E7A4F7556}") = "Persistence", "src\Services\AuctionService\Persistence\Persistence.csproj", "{157330F6-AE25-4343-98EB-DA7C925C2E46}"
EndProject
Project("{9A19103F-16F7-4668-BE54-9A1E7A4F7556}") = "Infrastructure", "src\Services\AuctionService\Infrastructure\Infrastructure.csproj", "{800E6331-9726-44C6-B664-0B657A0773C2}"
EndProject
Project("{9A19103F-16F7-4668-BE54-9A1E7A4F7556}") = "Domain", "src\Services\AuctionService\Domain\Domain.csproj", "{AA05A4BB-BC42-42B0-93DD-F6C4C8ADEBA5}"
EndProject
Project("{9A19103F-16F7-4668-BE54-9A1E7A4F7556}") = "Application", "src\Services\AuctionService\Application\Application.csproj", "{E2AA6D72-3168-4142-A552-CFA17AC18288}"
EndProject
Project("{9A19103F-16F7-4668-BE54-9A1E7A4F7556}") = "API", "src\Services\AuctionService\API\API.csproj", "{DE781383-807A-4D78-82C0-A1701A05117A}"
EndProject
Project("{E53339B2-1760-4266-BCC7-CA923CBCF16C}") = "docker-compose", "docker-compose.dcproj", "{31332D3C-6310-41F0-B0C9-0A75C7F7536A}"
EndProject
Global
	GlobalSection(SolutionConfigurationPlatforms) = preSolution
		Debug|Any CPU = Debug|Any CPU
		Debug|x64 = Debug|x64
		Debug|x86 = Debug|x86
		Release|Any CPU = Release|Any CPU
		Release|x64 = Release|x64
		Release|x86 = Release|x86
	EndGlobalSection
	GlobalSection(ProjectConfigurationPlatforms) = postSolution
		{157330F6-AE25-4343-98EB-DA7C925C2E46}.Debug|Any CPU.ActiveCfg = Debug|Any CPU
		{157330F6-AE25-4343-98EB-DA7C925C2E46}.Debug|Any CPU.Build.0 = Debug|Any CPU
		{157330F6-AE25-4343-98EB-DA7C925C2E46}.Debug|x64.ActiveCfg = Debug|Any CPU
		{157330F6-AE25-4343-98EB-DA7C925C2E46}.Debug|x64.Build.0 = Debug|Any CPU
		{157330F6-AE25-4343-98EB-DA7C925C2E46}.Debug|x86.ActiveCfg = Debug|Any CPU
		{157330F6-AE25-4343-98EB-DA7C925C2E46}.Debug|x86.Build.0 = Debug|Any CPU
		{157330F6-AE25-4343-98EB-DA7C925C2E46}.Release|Any CPU.ActiveCfg = Release|Any CPU
		{157330F6-AE25-4343-98EB-DA7C925C2E46}.Release|Any CPU.Build.0 = Release|Any CPU
		{157330F6-AE25-4343-98EB-DA7C925C2E46}.Release|x64.ActiveCfg = Release|Any CPU
		{157330F6-AE25-4343-98EB-DA7C925C2E46}.Release|x64.Build.0 = Release|Any CPU
		{157330F6-AE25-4343-98EB-DA7C925C2E46}.Release|x86.ActiveCfg = Release|Any CPU
		{157330F6-AE25-4343-98EB-DA7C925C2E46}.Release|x86.Build.0 = Release|Any CPU
		{800E6331-9726-44C6-B664-0B657A0773C2}.Debug|Any CPU.ActiveCfg = Debug|Any CPU
		{800E6331-9726-44C6-B664-0B657A0773C2}.Debug|Any CPU.Build.0 = Debug|Any CPU
		{800E6331-9726-44C6-B664-0B657A0773C2}.Debug|x64.ActiveCfg = Debug|Any CPU
		{800E6331-9726-44C6-B664-0B657A0773C2}.Debug|x64.Build.0 = Debug|Any CPU
		{800E6331-9726-44C6-B664-0B657A0773C2}.Debug|x86.ActiveCfg = Debug|Any CPU
		{800E6331-9726-44C6-B664-0B657A0773C2}.Debug|x86.Build.0 = Debug|Any CPU
		{800E6331-9726-44C6-B664-0B657A0773C2}.Release|Any CPU.ActiveCfg = Release|Any CPU
		{800E6331-9726-44C6-B664-0B657A0773C2}.Release|Any CPU.Build.0 = Release|Any CPU
		{800E6331-9726-44C6-B664-0B657A0773C2}.Release|x64.ActiveCfg = Release|Any CPU
		{800E6331-9726-44C6-B664-0B657A0773C2}.Release|x64.Build.0 = Release|Any CPU
		{800E6331-9726-44C6-B664-0B657A0773C2}.Release|x86.ActiveCfg = Release|Any CPU
		{800E6331-9726-44C6-B664-0B657A0773C2}.Release|x86.Build.0 = Release|Any CPU
		{AA05A4BB-BC42-42B0-93DD-F6C4C8ADEBA5}.Debug|Any CPU.ActiveCfg = Debug|Any CPU
		{AA05A4BB-BC42-42B0-93DD-F6C4C8ADEBA5}.Debug|Any CPU.Build.0 = Debug|Any CPU
		{AA05A4BB-BC42-42B0-93DD-F6C4C8ADEBA5}.Debug|x64.ActiveCfg = Debug|Any CPU
		{AA05A4BB-BC42-42B0-93DD-F6C4C8ADEBA5}.Debug|x64.Build.0 = Debug|Any CPU
		{AA05A4BB-BC42-42B0-93DD-F6C4C8ADEBA5}.Debug|x86.ActiveCfg = Debug|Any CPU
		{AA05A4BB-BC42-42B0-93DD-F6C4C8ADEBA5}.Debug|x86.Build.0 = Debug|Any CPU
		{AA05A4BB-BC42-42B0-93DD-F6C4C8ADEBA5}.Release|Any CPU.ActiveCfg = Release|Any CPU
		{AA05A4BB-BC42-42B0-93DD-F6C4C8ADEBA5}.Release|Any CPU.Build.0 = Release|Any CPU
		{AA05A4BB-BC42-42B0-93DD-F6C4C8ADEBA5}.Release|x64.ActiveCfg = Release|Any CPU
		{AA05A4BB-BC42-42B0-93DD-F6C4C8ADEBA5}.Release|x64.Build.0 = Release|Any CPU
		{AA05A4BB-BC42-42B0-93DD-F6C4C8ADEBA5}.Release|x86.ActiveCfg = Release|Any CPU
		{AA05A4BB-BC42-42B0-93DD-F6C4C8ADEBA5}.Release|x86.Build.0 = Release|Any CPU
		{E2AA6D72-3168-4142-A552-CFA17AC18288}.Debug|Any CPU.ActiveCfg = Debug|Any CPU
		{E2AA6D72-3168-4142-A552-CFA17AC18288}.Debug|Any CPU.Build.0 = Debug|Any CPU
		{E2AA6D72-3168-4142-A552-CFA17AC18288}.Debug|x64.ActiveCfg = Debug|Any CPU
		{E2AA6D72-3168-4142-A552-CFA17AC18288}.Debug|x64.Build.0 = Debug|Any CPU
		{E2AA6D72-3168-4142-A552-CFA17AC18288}.Debug|x86.ActiveCfg = Debug|Any CPU
		{E2AA6D72-3168-4142-A552-CFA17AC18288}.Debug|x86.Build.0 = Debug|Any CPU
		{E2AA6D72-3168-4142-A552-CFA17AC18288}.Release|Any CPU.ActiveCfg = Release|Any CPU
		{E2AA6D72-3168-4142-A552-CFA17AC18288}.Release|Any CPU.Build.0 = Release|Any CPU
		{E2AA6D72-3168-4142-A552-CFA17AC18288}.Release|x64.ActiveCfg = Release|Any CPU
		{E2AA6D72-3168-4142-A552-CFA17AC18288}.Release|x64.Build.0 = Release|Any CPU
		{E2AA6D72-3168-4142-A552-CFA17AC18288}.Release|x86.ActiveCfg = Release|Any CPU
		{E2AA6D72-3168-4142-A552-CFA17AC18288}.Release|x86.Build.0 = Release|Any CPU
		{DE781383-807A-4D78-82C0-A1701A05117A}.Debug|Any CPU.ActiveCfg = Debug|Any CPU
		{DE781383-807A-4D78-82C0-A1701A05117A}.Debug|Any CPU.Build.0 = Debug|Any CPU
		{DE781383-807A-4D78-82C0-A1701A05117A}.Debug|x64.ActiveCfg = Debug|Any CPU
		{DE781383-807A-4D78-82C0-A1701A05117A}.Debug|x64.Build.0 = Debug|Any CPU
		{DE781383-807A-4D78-82C0-A1701A05117A}.Debug|x86.ActiveCfg = Debug|Any CPU
		{DE781383-807A-4D78-82C0-A1701A05117A}.Debug|x86.Build.0 = Debug|Any CPU
		{DE781383-807A-4D78-82C0-A1701A05117A}.Release|Any CPU.ActiveCfg = Release|Any CPU
		{DE781383-807A-4D78-82C0-A1701A05117A}.Release|Any CPU.Build.0 = Release|Any CPU
		{DE781383-807A-4D78-82C0-A1701A05117A}.Release|x64.ActiveCfg = Release|Any CPU
		{DE781383-807A-4D78-82C0-A1701A05117A}.Release|x64.Build.0 = Release|Any CPU
		{DE781383-807A-4D78-82C0-A1701A05117A}.Release|x86.ActiveCfg = Release|Any CPU
		{DE781383-807A-4D78-82C0-A1701A05117A}.Release|x86.Build.0 = Release|Any CPU
		{31332D3C-6310-41F0-B0C9-0A75C7F7536A}.Debug|Any CPU.ActiveCfg = Debug|Any CPU
		{31332D3C-6310-41F0-B0C9-0A75C7F7536A}.Debug|Any CPU.Build.0 = Debug|Any CPU
		{31332D3C-6310-41F0-B0C9-0A75C7F7536A}.Debug|x64.ActiveCfg = Debug|Any CPU
		{31332D3C-6310-41F0-B0C9-0A75C7F7536A}.Debug|x64.Build.0 = Debug|Any CPU
		{31332D3C-6310-41F0-B0C9-0A75C7F7536A}.Debug|x86.ActiveCfg = Debug|Any CPU
		{31332D3C-6310-41F0-B0C9-0A75C7F7536A}.Debug|x86.Build.0 = Debug|Any CPU
		{31332D3C-6310-41F0-B0C9-0A75C7F7536A}.Release|Any CPU.ActiveCfg = Release|Any CPU
		{31332D3C-6310-41F0-B0C9-0A75C7F7536A}.Release|Any CPU.Build.0 = Release|Any CPU
		{31332D3C-6310-41F0-B0C9-0A75C7F7536A}.Release|x64.ActiveCfg = Release|Any CPU
		{31332D3C-6310-41F0-B0C9-0A75C7F7536A}.Release|x64.Build.0 = Release|Any CPU
		{31332D3C-6310-41F0-B0C9-0A75C7F7536A}.Release|x86.ActiveCfg = Release|Any CPU
		{31332D3C-6310-41F0-B0C9-0A75C7F7536A}.Release|x86.Build.0 = Release|Any CPU
	EndGlobalSection
	GlobalSection(SolutionProperties) = preSolution
		HideSolutionNode = FALSE
	EndGlobalSection
	GlobalSection(NestedProjects) = preSolution
		{6FA2E35E-4FEB-41FE-B419-E43DAFB6C47E} = {64EC4C88-F938-4ACF-B051-01D5B41767BE}
		{ABCF35CC-97A1-4258-8BA5-F6528851CB52} = {6FA2E35E-4FEB-41FE-B419-E43DAFB6C47E}
		{157330F6-AE25-4343-98EB-DA7C925C2E46} = {ABCF35CC-97A1-4258-8BA5-F6528851CB52}
		{800E6331-9726-44C6-B664-0B657A0773C2} = {ABCF35CC-97A1-4258-8BA5-F6528851CB52}
		{AA05A4BB-BC42-42B0-93DD-F6C4C8ADEBA5} = {ABCF35CC-97A1-4258-8BA5-F6528851CB52}
		{E2AA6D72-3168-4142-A552-CFA17AC18288} = {ABCF35CC-97A1-4258-8BA5-F6528851CB52}
		{DE781383-807A-4D78-82C0-A1701A05117A} = {ABCF35CC-97A1-4258-8BA5-F6528851CB52}
	EndGlobalSection
EndGlobal
