
Microsoft Visual Studio Solution File, Format Version 12.00
# Visual Studio Version 17
VisualStudioVersion = 17.0.31903.59
MinimumVisualStudioVersion = 10.0.40219.1
Project("{2150E333-8FDC-42A3-9474-1A3956D46DE8}") = "src", "src", "{64EC4C88-F938-4ACF-B051-01D5B41767BE}"
EndProject
Project("{2150E333-8FDC-42A3-9474-1A3956D46DE8}") = "Services", "Services", "{6FA2E35E-4FEB-41FE-B419-E43DAFB6C47E}"
EndProject
Project("{2150E333-8FDC-42A3-9474-1A3956D46DE8}") = "AdvertisementService", "AdvertisementService", "{ABCF35CC-97A1-4258-8BA5-F6528851CB52}"
EndProject
Project("{9A19103F-16F7-4668-BE54-9A1E7A4F7556}") = "Persistence", "src\Services\AdvertisementService\Persistence\Persistence.csproj", "{157330F6-AE25-4343-98EB-DA7C925C2E46}"
EndProject
Project("{9A19103F-16F7-4668-BE54-9A1E7A4F7556}") = "Infrastructure", "src\Services\AdvertisementService\Infrastructure\Infrastructure.csproj", "{800E6331-9726-44C6-B664-0B657A0773C2}"
EndProject
Project("{9A19103F-16F7-4668-BE54-9A1E7A4F7556}") = "Domain", "src\Services\AdvertisementService\Domain\Domain.csproj", "{AA05A4BB-BC42-42B0-93DD-F6C4C8ADEBA5}"
EndProject
Project("{9A19103F-16F7-4668-BE54-9A1E7A4F7556}") = "Application", "src\Services\AdvertisementService\Application\Application.csproj", "{E2AA6D72-3168-4142-A552-CFA17AC18288}"
EndProject
Project("{9A19103F-16F7-4668-BE54-9A1E7A4F7556}") = "API", "src\Services\AdvertisementService\API\API.csproj", "{DE781383-807A-4D78-82C0-A1701A05117A}"
EndProject
Project("{E53339B2-1760-4266-BCC7-CA923CBCF16C}") = "docker-compose", "docker-compose.dcproj", "{31332D3C-6310-41F0-B0C9-0A75C7F7536A}"
EndProject
Project("{2150E333-8FDC-42A3-9474-1A3956D46DE8}") = "SearchService", "SearchService", "{68B181EF-7F84-4315-842F-513FABCC6AF3}"
EndProject
Project("{9A19103F-16F7-4668-BE54-9A1E7A4F7556}") = "API", "src\Services\SearchService\API\API.csproj", "{BA337921-FA8B-449F-A496-648AFBFDE45D}"
EndProject
Project("{9A19103F-16F7-4668-BE54-9A1E7A4F7556}") = "Domain", "src\Services\SearchService\Domain\Domain.csproj", "{53C71DDA-D820-486A-AD87-F8B97F7E3997}"
EndProject
Project("{9A19103F-16F7-4668-BE54-9A1E7A4F7556}") = "Persistence", "src\Services\SearchService\Persistence\Persistence.csproj", "{45FBB0E8-B166-4DF5-888F-93F0034BE867}"
EndProject
Project("{9A19103F-16F7-4668-BE54-9A1E7A4F7556}") = "Infrastructure", "src\Services\SearchService\Infrastructure\Infrastructure.csproj", "{D97CB8FE-11F4-40C8-A748-5F9D845E171B}"
EndProject
Project("{9A19103F-16F7-4668-BE54-9A1E7A4F7556}") = "Application", "src\Services\SearchService\Application\Application.csproj", "{D10311BF-C2E7-41F2-9ADD-9E5AED099A91}"
EndProject
Project("{2150E333-8FDC-42A3-9474-1A3956D46DE8}") = "EventBus", "EventBus", "{08D18C49-833F-40DD-9B9F-D8EC2126A3BC}"
EndProject
Project("{9A19103F-16F7-4668-BE54-9A1E7A4F7556}") = "EventBus", "src\EventBus\EventBus\EventBus.csproj", "{88817BE4-75EB-4A74-BA01-D53B28649030}"
EndProject
Project("{2150E333-8FDC-42A3-9474-1A3956D46DE8}") = "IdentityService", "IdentityService", "{624D88C8-25CB-4E90-BB45-AD35E3B09CB4}"
EndProject
Project("{9A19103F-16F7-4668-BE54-9A1E7A4F7556}") = "Identity", "src\Services\IdentityService\Identity\Identity.csproj", "{1F841C79-5BB7-48FC-B068-D9D43873215E}"
EndProject
Project("{2150E333-8FDC-42A3-9474-1A3956D46DE8}") = "GatewayService", "GatewayService", "{55B6CF85-684D-4023-AB03-9BC8828B4045}"
EndProject
Project("{9A19103F-16F7-4668-BE54-9A1E7A4F7556}") = "GatewayService", "src\Services\GatewayService\GatewayService\GatewayService.csproj", "{2FBD6C9B-EAA7-4C28-9589-5B2BFFF827EC}"
EndProject
Project("{2150E333-8FDC-42A3-9474-1A3956D46DE8}") = "OfferService", "OfferService", "{28DBFE22-B814-4735-BA37-53B0FDE8DDD4}"
EndProject
Project("{9A19103F-16F7-4668-BE54-9A1E7A4F7556}") = "API", "src\Services\OfferService\API\API.csproj", "{A2D36B1F-DCA8-40C6-B55B-0CE27870B531}"
EndProject
Project("{9A19103F-16F7-4668-BE54-9A1E7A4F7556}") = "Application", "src\Services\OfferService\Application\Application.csproj", "{9F64FC27-70CA-45BF-9D4F-B8D01F55D2CC}"
EndProject
Project("{9A19103F-16F7-4668-BE54-9A1E7A4F7556}") = "Domain", "src\Services\OfferService\Domain\Domain.csproj", "{B7C2035C-55CB-4F3E-B85F-820AAE5F945C}"
EndProject
Project("{9A19103F-16F7-4668-BE54-9A1E7A4F7556}") = "Infrastructure", "src\Services\OfferService\Infrastructure\Infrastructure.csproj", "{0E06DC28-95E9-45BD-B749-6090600534BB}"
EndProject
Project("{9A19103F-16F7-4668-BE54-9A1E7A4F7556}") = "Persistence", "src\Services\OfferService\Persistence\Persistence.csproj", "{9A34669E-7489-44CF-9E42-95354BEA1839}"
EndProject
Project("{2150E333-8FDC-42A3-9474-1A3956D46DE8}") = "NotificationService", "NotificationService", "{15FE6E1F-C2ED-4B82-B4F4-975AB478E684}"
EndProject
Project("{FAE04EC0-301F-11D3-BF4B-00C04F79EFBC}") = "Notification", "src\Services\NotificationService\Notification\Notification.csproj", "{B67D22D3-F48E-4DB8-A72B-2397431F5AE9}"
EndProject
Project("{FAE04EC0-301F-11D3-BF4B-00C04F79EFBC}") = "Infrastructure", "src\Services\NotificationService\Infrastructure\Infrastructure.csproj", "{450B96A8-EF0D-44BE-928E-CA96C7457EF0}"
EndProject
Global
	GlobalSection(SolutionConfigurationPlatforms) = preSolution
		Debug|Any CPU = Debug|Any CPU
		Debug|x64 = Debug|x64
		Debug|x86 = Debug|x86
		Release|Any CPU = Release|Any CPU
		Release|x64 = Release|x64
		Release|x86 = Release|x86
	EndGlobalSection
	GlobalSection(ProjectConfigurationPlatforms) = postSolution
		{157330F6-AE25-4343-98EB-DA7C925C2E46}.Debug|Any CPU.ActiveCfg = Debug|Any CPU
		{157330F6-AE25-4343-98EB-DA7C925C2E46}.Debug|Any CPU.Build.0 = Debug|Any CPU
		{157330F6-AE25-4343-98EB-DA7C925C2E46}.Debug|x64.ActiveCfg = Debug|Any CPU
		{157330F6-AE25-4343-98EB-DA7C925C2E46}.Debug|x64.Build.0 = Debug|Any CPU
		{157330F6-AE25-4343-98EB-DA7C925C2E46}.Debug|x86.ActiveCfg = Debug|Any CPU
		{157330F6-AE25-4343-98EB-DA7C925C2E46}.Debug|x86.Build.0 = Debug|Any CPU
		{157330F6-AE25-4343-98EB-DA7C925C2E46}.Release|Any CPU.ActiveCfg = Release|Any CPU
		{157330F6-AE25-4343-98EB-DA7C925C2E46}.Release|Any CPU.Build.0 = Release|Any CPU
		{157330F6-AE25-4343-98EB-DA7C925C2E46}.Release|x64.ActiveCfg = Release|Any CPU
		{157330F6-AE25-4343-98EB-DA7C925C2E46}.Release|x64.Build.0 = Release|Any CPU
		{157330F6-AE25-4343-98EB-DA7C925C2E46}.Release|x86.ActiveCfg = Release|Any CPU
		{157330F6-AE25-4343-98EB-DA7C925C2E46}.Release|x86.Build.0 = Release|Any CPU
		{800E6331-9726-44C6-B664-0B657A0773C2}.Debug|Any CPU.ActiveCfg = Debug|Any CPU
		{800E6331-9726-44C6-B664-0B657A0773C2}.Debug|Any CPU.Build.0 = Debug|Any CPU
		{800E6331-9726-44C6-B664-0B657A0773C2}.Debug|x64.ActiveCfg = Debug|Any CPU
		{800E6331-9726-44C6-B664-0B657A0773C2}.Debug|x64.Build.0 = Debug|Any CPU
		{800E6331-9726-44C6-B664-0B657A0773C2}.Debug|x86.ActiveCfg = Debug|Any CPU
		{800E6331-9726-44C6-B664-0B657A0773C2}.Debug|x86.Build.0 = Debug|Any CPU
		{800E6331-9726-44C6-B664-0B657A0773C2}.Release|Any CPU.ActiveCfg = Release|Any CPU
		{800E6331-9726-44C6-B664-0B657A0773C2}.Release|Any CPU.Build.0 = Release|Any CPU
		{800E6331-9726-44C6-B664-0B657A0773C2}.Release|x64.ActiveCfg = Release|Any CPU
		{800E6331-9726-44C6-B664-0B657A0773C2}.Release|x64.Build.0 = Release|Any CPU
		{800E6331-9726-44C6-B664-0B657A0773C2}.Release|x86.ActiveCfg = Release|Any CPU
		{800E6331-9726-44C6-B664-0B657A0773C2}.Release|x86.Build.0 = Release|Any CPU
		{AA05A4BB-BC42-42B0-93DD-F6C4C8ADEBA5}.Debug|Any CPU.ActiveCfg = Debug|Any CPU
		{AA05A4BB-BC42-42B0-93DD-F6C4C8ADEBA5}.Debug|Any CPU.Build.0 = Debug|Any CPU
		{AA05A4BB-BC42-42B0-93DD-F6C4C8ADEBA5}.Debug|x64.ActiveCfg = Debug|Any CPU
		{AA05A4BB-BC42-42B0-93DD-F6C4C8ADEBA5}.Debug|x64.Build.0 = Debug|Any CPU
		{AA05A4BB-BC42-42B0-93DD-F6C4C8ADEBA5}.Debug|x86.ActiveCfg = Debug|Any CPU
		{AA05A4BB-BC42-42B0-93DD-F6C4C8ADEBA5}.Debug|x86.Build.0 = Debug|Any CPU
		{AA05A4BB-BC42-42B0-93DD-F6C4C8ADEBA5}.Release|Any CPU.ActiveCfg = Release|Any CPU
		{AA05A4BB-BC42-42B0-93DD-F6C4C8ADEBA5}.Release|Any CPU.Build.0 = Release|Any CPU
		{AA05A4BB-BC42-42B0-93DD-F6C4C8ADEBA5}.Release|x64.ActiveCfg = Release|Any CPU
		{AA05A4BB-BC42-42B0-93DD-F6C4C8ADEBA5}.Release|x64.Build.0 = Release|Any CPU
		{AA05A4BB-BC42-42B0-93DD-F6C4C8ADEBA5}.Release|x86.ActiveCfg = Release|Any CPU
		{AA05A4BB-BC42-42B0-93DD-F6C4C8ADEBA5}.Release|x86.Build.0 = Release|Any CPU
		{E2AA6D72-3168-4142-A552-CFA17AC18288}.Debug|Any CPU.ActiveCfg = Debug|Any CPU
		{E2AA6D72-3168-4142-A552-CFA17AC18288}.Debug|Any CPU.Build.0 = Debug|Any CPU
		{E2AA6D72-3168-4142-A552-CFA17AC18288}.Debug|x64.ActiveCfg = Debug|Any CPU
		{E2AA6D72-3168-4142-A552-CFA17AC18288}.Debug|x64.Build.0 = Debug|Any CPU
		{E2AA6D72-3168-4142-A552-CFA17AC18288}.Debug|x86.ActiveCfg = Debug|Any CPU
		{E2AA6D72-3168-4142-A552-CFA17AC18288}.Debug|x86.Build.0 = Debug|Any CPU
		{E2AA6D72-3168-4142-A552-CFA17AC18288}.Release|Any CPU.ActiveCfg = Release|Any CPU
		{E2AA6D72-3168-4142-A552-CFA17AC18288}.Release|Any CPU.Build.0 = Release|Any CPU
		{E2AA6D72-3168-4142-A552-CFA17AC18288}.Release|x64.ActiveCfg = Release|Any CPU
		{E2AA6D72-3168-4142-A552-CFA17AC18288}.Release|x64.Build.0 = Release|Any CPU
		{E2AA6D72-3168-4142-A552-CFA17AC18288}.Release|x86.ActiveCfg = Release|Any CPU
		{E2AA6D72-3168-4142-A552-CFA17AC18288}.Release|x86.Build.0 = Release|Any CPU
		{DE781383-807A-4D78-82C0-A1701A05117A}.Debug|Any CPU.ActiveCfg = Debug|Any CPU
		{DE781383-807A-4D78-82C0-A1701A05117A}.Debug|Any CPU.Build.0 = Debug|Any CPU
		{DE781383-807A-4D78-82C0-A1701A05117A}.Debug|x64.ActiveCfg = Debug|Any CPU
		{DE781383-807A-4D78-82C0-A1701A05117A}.Debug|x64.Build.0 = Debug|Any CPU
		{DE781383-807A-4D78-82C0-A1701A05117A}.Debug|x86.ActiveCfg = Debug|Any CPU
		{DE781383-807A-4D78-82C0-A1701A05117A}.Debug|x86.Build.0 = Debug|Any CPU
		{DE781383-807A-4D78-82C0-A1701A05117A}.Release|Any CPU.ActiveCfg = Release|Any CPU
		{DE781383-807A-4D78-82C0-A1701A05117A}.Release|Any CPU.Build.0 = Release|Any CPU
		{DE781383-807A-4D78-82C0-A1701A05117A}.Release|x64.ActiveCfg = Release|Any CPU
		{DE781383-807A-4D78-82C0-A1701A05117A}.Release|x64.Build.0 = Release|Any CPU
		{DE781383-807A-4D78-82C0-A1701A05117A}.Release|x86.ActiveCfg = Release|Any CPU
		{DE781383-807A-4D78-82C0-A1701A05117A}.Release|x86.Build.0 = Release|Any CPU
		{31332D3C-6310-41F0-B0C9-0A75C7F7536A}.Debug|Any CPU.ActiveCfg = Debug|Any CPU
		{31332D3C-6310-41F0-B0C9-0A75C7F7536A}.Debug|Any CPU.Build.0 = Debug|Any CPU
		{31332D3C-6310-41F0-B0C9-0A75C7F7536A}.Debug|x64.ActiveCfg = Debug|Any CPU
		{31332D3C-6310-41F0-B0C9-0A75C7F7536A}.Debug|x64.Build.0 = Debug|Any CPU
		{31332D3C-6310-41F0-B0C9-0A75C7F7536A}.Debug|x86.ActiveCfg = Debug|Any CPU
		{31332D3C-6310-41F0-B0C9-0A75C7F7536A}.Debug|x86.Build.0 = Debug|Any CPU
		{31332D3C-6310-41F0-B0C9-0A75C7F7536A}.Release|Any CPU.ActiveCfg = Release|Any CPU
		{31332D3C-6310-41F0-B0C9-0A75C7F7536A}.Release|Any CPU.Build.0 = Release|Any CPU
		{31332D3C-6310-41F0-B0C9-0A75C7F7536A}.Release|x64.ActiveCfg = Release|Any CPU
		{31332D3C-6310-41F0-B0C9-0A75C7F7536A}.Release|x64.Build.0 = Release|Any CPU
		{31332D3C-6310-41F0-B0C9-0A75C7F7536A}.Release|x86.ActiveCfg = Release|Any CPU
		{31332D3C-6310-41F0-B0C9-0A75C7F7536A}.Release|x86.Build.0 = Release|Any CPU
		{BA337921-FA8B-449F-A496-648AFBFDE45D}.Debug|Any CPU.ActiveCfg = Debug|Any CPU
		{BA337921-FA8B-449F-A496-648AFBFDE45D}.Debug|Any CPU.Build.0 = Debug|Any CPU
		{BA337921-FA8B-449F-A496-648AFBFDE45D}.Debug|x64.ActiveCfg = Debug|Any CPU
		{BA337921-FA8B-449F-A496-648AFBFDE45D}.Debug|x64.Build.0 = Debug|Any CPU
		{BA337921-FA8B-449F-A496-648AFBFDE45D}.Debug|x86.ActiveCfg = Debug|Any CPU
		{BA337921-FA8B-449F-A496-648AFBFDE45D}.Debug|x86.Build.0 = Debug|Any CPU
		{BA337921-FA8B-449F-A496-648AFBFDE45D}.Release|Any CPU.ActiveCfg = Release|Any CPU
		{BA337921-FA8B-449F-A496-648AFBFDE45D}.Release|Any CPU.Build.0 = Release|Any CPU
		{BA337921-FA8B-449F-A496-648AFBFDE45D}.Release|x64.ActiveCfg = Release|Any CPU
		{BA337921-FA8B-449F-A496-648AFBFDE45D}.Release|x64.Build.0 = Release|Any CPU
		{BA337921-FA8B-449F-A496-648AFBFDE45D}.Release|x86.ActiveCfg = Release|Any CPU
		{BA337921-FA8B-449F-A496-648AFBFDE45D}.Release|x86.Build.0 = Release|Any CPU
		{53C71DDA-D820-486A-AD87-F8B97F7E3997}.Debug|Any CPU.ActiveCfg = Debug|Any CPU
		{53C71DDA-D820-486A-AD87-F8B97F7E3997}.Debug|Any CPU.Build.0 = Debug|Any CPU
		{53C71DDA-D820-486A-AD87-F8B97F7E3997}.Debug|x64.ActiveCfg = Debug|Any CPU
		{53C71DDA-D820-486A-AD87-F8B97F7E3997}.Debug|x64.Build.0 = Debug|Any CPU
		{53C71DDA-D820-486A-AD87-F8B97F7E3997}.Debug|x86.ActiveCfg = Debug|Any CPU
		{53C71DDA-D820-486A-AD87-F8B97F7E3997}.Debug|x86.Build.0 = Debug|Any CPU
		{53C71DDA-D820-486A-AD87-F8B97F7E3997}.Release|Any CPU.ActiveCfg = Release|Any CPU
		{53C71DDA-D820-486A-AD87-F8B97F7E3997}.Release|Any CPU.Build.0 = Release|Any CPU
		{53C71DDA-D820-486A-AD87-F8B97F7E3997}.Release|x64.ActiveCfg = Release|Any CPU
		{53C71DDA-D820-486A-AD87-F8B97F7E3997}.Release|x64.Build.0 = Release|Any CPU
		{53C71DDA-D820-486A-AD87-F8B97F7E3997}.Release|x86.ActiveCfg = Release|Any CPU
		{53C71DDA-D820-486A-AD87-F8B97F7E3997}.Release|x86.Build.0 = Release|Any CPU
		{45FBB0E8-B166-4DF5-888F-93F0034BE867}.Debug|Any CPU.ActiveCfg = Debug|Any CPU
		{45FBB0E8-B166-4DF5-888F-93F0034BE867}.Debug|Any CPU.Build.0 = Debug|Any CPU
		{45FBB0E8-B166-4DF5-888F-93F0034BE867}.Debug|x64.ActiveCfg = Debug|Any CPU
		{45FBB0E8-B166-4DF5-888F-93F0034BE867}.Debug|x64.Build.0 = Debug|Any CPU
		{45FBB0E8-B166-4DF5-888F-93F0034BE867}.Debug|x86.ActiveCfg = Debug|Any CPU
		{45FBB0E8-B166-4DF5-888F-93F0034BE867}.Debug|x86.Build.0 = Debug|Any CPU
		{45FBB0E8-B166-4DF5-888F-93F0034BE867}.Release|Any CPU.ActiveCfg = Release|Any CPU
		{45FBB0E8-B166-4DF5-888F-93F0034BE867}.Release|Any CPU.Build.0 = Release|Any CPU
		{45FBB0E8-B166-4DF5-888F-93F0034BE867}.Release|x64.ActiveCfg = Release|Any CPU
		{45FBB0E8-B166-4DF5-888F-93F0034BE867}.Release|x64.Build.0 = Release|Any CPU
		{45FBB0E8-B166-4DF5-888F-93F0034BE867}.Release|x86.ActiveCfg = Release|Any CPU
		{45FBB0E8-B166-4DF5-888F-93F0034BE867}.Release|x86.Build.0 = Release|Any CPU
		{D97CB8FE-11F4-40C8-A748-5F9D845E171B}.Debug|Any CPU.ActiveCfg = Debug|Any CPU
		{D97CB8FE-11F4-40C8-A748-5F9D845E171B}.Debug|Any CPU.Build.0 = Debug|Any CPU
		{D97CB8FE-11F4-40C8-A748-5F9D845E171B}.Debug|x64.ActiveCfg = Debug|Any CPU
		{D97CB8FE-11F4-40C8-A748-5F9D845E171B}.Debug|x64.Build.0 = Debug|Any CPU
		{D97CB8FE-11F4-40C8-A748-5F9D845E171B}.Debug|x86.ActiveCfg = Debug|Any CPU
		{D97CB8FE-11F4-40C8-A748-5F9D845E171B}.Debug|x86.Build.0 = Debug|Any CPU
		{D97CB8FE-11F4-40C8-A748-5F9D845E171B}.Release|Any CPU.ActiveCfg = Release|Any CPU
		{D97CB8FE-11F4-40C8-A748-5F9D845E171B}.Release|Any CPU.Build.0 = Release|Any CPU
		{D97CB8FE-11F4-40C8-A748-5F9D845E171B}.Release|x64.ActiveCfg = Release|Any CPU
		{D97CB8FE-11F4-40C8-A748-5F9D845E171B}.Release|x64.Build.0 = Release|Any CPU
		{D97CB8FE-11F4-40C8-A748-5F9D845E171B}.Release|x86.ActiveCfg = Release|Any CPU
		{D97CB8FE-11F4-40C8-A748-5F9D845E171B}.Release|x86.Build.0 = Release|Any CPU
		{D10311BF-C2E7-41F2-9ADD-9E5AED099A91}.Debug|Any CPU.ActiveCfg = Debug|Any CPU
		{D10311BF-C2E7-41F2-9ADD-9E5AED099A91}.Debug|Any CPU.Build.0 = Debug|Any CPU
		{D10311BF-C2E7-41F2-9ADD-9E5AED099A91}.Debug|x64.ActiveCfg = Debug|Any CPU
		{D10311BF-C2E7-41F2-9ADD-9E5AED099A91}.Debug|x64.Build.0 = Debug|Any CPU
		{D10311BF-C2E7-41F2-9ADD-9E5AED099A91}.Debug|x86.ActiveCfg = Debug|Any CPU
		{D10311BF-C2E7-41F2-9ADD-9E5AED099A91}.Debug|x86.Build.0 = Debug|Any CPU
		{D10311BF-C2E7-41F2-9ADD-9E5AED099A91}.Release|Any CPU.ActiveCfg = Release|Any CPU
		{D10311BF-C2E7-41F2-9ADD-9E5AED099A91}.Release|Any CPU.Build.0 = Release|Any CPU
		{D10311BF-C2E7-41F2-9ADD-9E5AED099A91}.Release|x64.ActiveCfg = Release|Any CPU
		{D10311BF-C2E7-41F2-9ADD-9E5AED099A91}.Release|x64.Build.0 = Release|Any CPU
		{D10311BF-C2E7-41F2-9ADD-9E5AED099A91}.Release|x86.ActiveCfg = Release|Any CPU
		{D10311BF-C2E7-41F2-9ADD-9E5AED099A91}.Release|x86.Build.0 = Release|Any CPU
		{88817BE4-75EB-4A74-BA01-D53B28649030}.Debug|Any CPU.ActiveCfg = Debug|Any CPU
		{88817BE4-75EB-4A74-BA01-D53B28649030}.Debug|Any CPU.Build.0 = Debug|Any CPU
		{88817BE4-75EB-4A74-BA01-D53B28649030}.Debug|x64.ActiveCfg = Debug|Any CPU
		{88817BE4-75EB-4A74-BA01-D53B28649030}.Debug|x64.Build.0 = Debug|Any CPU
		{88817BE4-75EB-4A74-BA01-D53B28649030}.Debug|x86.ActiveCfg = Debug|Any CPU
		{88817BE4-75EB-4A74-BA01-D53B28649030}.Debug|x86.Build.0 = Debug|Any CPU
		{88817BE4-75EB-4A74-BA01-D53B28649030}.Release|Any CPU.ActiveCfg = Release|Any CPU
		{88817BE4-75EB-4A74-BA01-D53B28649030}.Release|Any CPU.Build.0 = Release|Any CPU
		{88817BE4-75EB-4A74-BA01-D53B28649030}.Release|x64.ActiveCfg = Release|Any CPU
		{88817BE4-75EB-4A74-BA01-D53B28649030}.Release|x64.Build.0 = Release|Any CPU
		{88817BE4-75EB-4A74-BA01-D53B28649030}.Release|x86.ActiveCfg = Release|Any CPU
		{88817BE4-75EB-4A74-BA01-D53B28649030}.Release|x86.Build.0 = Release|Any CPU
		{1F841C79-5BB7-48FC-B068-D9D43873215E}.Debug|Any CPU.ActiveCfg = Debug|Any CPU
		{1F841C79-5BB7-48FC-B068-D9D43873215E}.Debug|Any CPU.Build.0 = Debug|Any CPU
		{1F841C79-5BB7-48FC-B068-D9D43873215E}.Debug|x64.ActiveCfg = Debug|Any CPU
		{1F841C79-5BB7-48FC-B068-D9D43873215E}.Debug|x64.Build.0 = Debug|Any CPU
		{1F841C79-5BB7-48FC-B068-D9D43873215E}.Debug|x86.ActiveCfg = Debug|Any CPU
		{1F841C79-5BB7-48FC-B068-D9D43873215E}.Debug|x86.Build.0 = Debug|Any CPU
		{1F841C79-5BB7-48FC-B068-D9D43873215E}.Release|Any CPU.ActiveCfg = Release|Any CPU
		{1F841C79-5BB7-48FC-B068-D9D43873215E}.Release|Any CPU.Build.0 = Release|Any CPU
		{1F841C79-5BB7-48FC-B068-D9D43873215E}.Release|x64.ActiveCfg = Release|Any CPU
		{1F841C79-5BB7-48FC-B068-D9D43873215E}.Release|x64.Build.0 = Release|Any CPU
		{1F841C79-5BB7-48FC-B068-D9D43873215E}.Release|x86.ActiveCfg = Release|Any CPU
		{1F841C79-5BB7-48FC-B068-D9D43873215E}.Release|x86.Build.0 = Release|Any CPU
		{2FBD6C9B-EAA7-4C28-9589-5B2BFFF827EC}.Debug|Any CPU.ActiveCfg = Debug|Any CPU
		{2FBD6C9B-EAA7-4C28-9589-5B2BFFF827EC}.Debug|Any CPU.Build.0 = Debug|Any CPU
		{2FBD6C9B-EAA7-4C28-9589-5B2BFFF827EC}.Debug|x64.ActiveCfg = Debug|Any CPU
		{2FBD6C9B-EAA7-4C28-9589-5B2BFFF827EC}.Debug|x64.Build.0 = Debug|Any CPU
		{2FBD6C9B-EAA7-4C28-9589-5B2BFFF827EC}.Debug|x86.ActiveCfg = Debug|Any CPU
		{2FBD6C9B-EAA7-4C28-9589-5B2BFFF827EC}.Debug|x86.Build.0 = Debug|Any CPU
		{2FBD6C9B-EAA7-4C28-9589-5B2BFFF827EC}.Release|Any CPU.ActiveCfg = Release|Any CPU
		{2FBD6C9B-EAA7-4C28-9589-5B2BFFF827EC}.Release|Any CPU.Build.0 = Release|Any CPU
		{2FBD6C9B-EAA7-4C28-9589-5B2BFFF827EC}.Release|x64.ActiveCfg = Release|Any CPU
		{2FBD6C9B-EAA7-4C28-9589-5B2BFFF827EC}.Release|x64.Build.0 = Release|Any CPU
		{2FBD6C9B-EAA7-4C28-9589-5B2BFFF827EC}.Release|x86.ActiveCfg = Release|Any CPU
		{2FBD6C9B-EAA7-4C28-9589-5B2BFFF827EC}.Release|x86.Build.0 = Release|Any CPU
		{A2D36B1F-DCA8-40C6-B55B-0CE27870B531}.Debug|Any CPU.ActiveCfg = Debug|Any CPU
		{A2D36B1F-DCA8-40C6-B55B-0CE27870B531}.Debug|Any CPU.Build.0 = Debug|Any CPU
		{A2D36B1F-DCA8-40C6-B55B-0CE27870B531}.Debug|x64.ActiveCfg = Debug|Any CPU
		{A2D36B1F-DCA8-40C6-B55B-0CE27870B531}.Debug|x64.Build.0 = Debug|Any CPU
		{A2D36B1F-DCA8-40C6-B55B-0CE27870B531}.Debug|x86.ActiveCfg = Debug|Any CPU
		{A2D36B1F-DCA8-40C6-B55B-0CE27870B531}.Debug|x86.Build.0 = Debug|Any CPU
		{A2D36B1F-DCA8-40C6-B55B-0CE27870B531}.Release|Any CPU.ActiveCfg = Release|Any CPU
		{A2D36B1F-DCA8-40C6-B55B-0CE27870B531}.Release|Any CPU.Build.0 = Release|Any CPU
		{A2D36B1F-DCA8-40C6-B55B-0CE27870B531}.Release|x64.ActiveCfg = Release|Any CPU
		{A2D36B1F-DCA8-40C6-B55B-0CE27870B531}.Release|x64.Build.0 = Release|Any CPU
		{A2D36B1F-DCA8-40C6-B55B-0CE27870B531}.Release|x86.ActiveCfg = Release|Any CPU
		{A2D36B1F-DCA8-40C6-B55B-0CE27870B531}.Release|x86.Build.0 = Release|Any CPU
		{9F64FC27-70CA-45BF-9D4F-B8D01F55D2CC}.Debug|Any CPU.ActiveCfg = Debug|Any CPU
		{9F64FC27-70CA-45BF-9D4F-B8D01F55D2CC}.Debug|Any CPU.Build.0 = Debug|Any CPU
		{9F64FC27-70CA-45BF-9D4F-B8D01F55D2CC}.Debug|x64.ActiveCfg = Debug|Any CPU
		{9F64FC27-70CA-45BF-9D4F-B8D01F55D2CC}.Debug|x64.Build.0 = Debug|Any CPU
		{9F64FC27-70CA-45BF-9D4F-B8D01F55D2CC}.Debug|x86.ActiveCfg = Debug|Any CPU
		{9F64FC27-70CA-45BF-9D4F-B8D01F55D2CC}.Debug|x86.Build.0 = Debug|Any CPU
		{9F64FC27-70CA-45BF-9D4F-B8D01F55D2CC}.Release|Any CPU.ActiveCfg = Release|Any CPU
		{9F64FC27-70CA-45BF-9D4F-B8D01F55D2CC}.Release|Any CPU.Build.0 = Release|Any CPU
		{9F64FC27-70CA-45BF-9D4F-B8D01F55D2CC}.Release|x64.ActiveCfg = Release|Any CPU
		{9F64FC27-70CA-45BF-9D4F-B8D01F55D2CC}.Release|x64.Build.0 = Release|Any CPU
		{9F64FC27-70CA-45BF-9D4F-B8D01F55D2CC}.Release|x86.ActiveCfg = Release|Any CPU
		{9F64FC27-70CA-45BF-9D4F-B8D01F55D2CC}.Release|x86.Build.0 = Release|Any CPU
		{B7C2035C-55CB-4F3E-B85F-820AAE5F945C}.Debug|Any CPU.ActiveCfg = Debug|Any CPU
		{B7C2035C-55CB-4F3E-B85F-820AAE5F945C}.Debug|Any CPU.Build.0 = Debug|Any CPU
		{B7C2035C-55CB-4F3E-B85F-820AAE5F945C}.Debug|x64.ActiveCfg = Debug|Any CPU
		{B7C2035C-55CB-4F3E-B85F-820AAE5F945C}.Debug|x64.Build.0 = Debug|Any CPU
		{B7C2035C-55CB-4F3E-B85F-820AAE5F945C}.Debug|x86.ActiveCfg = Debug|Any CPU
		{B7C2035C-55CB-4F3E-B85F-820AAE5F945C}.Debug|x86.Build.0 = Debug|Any CPU
		{B7C2035C-55CB-4F3E-B85F-820AAE5F945C}.Release|Any CPU.ActiveCfg = Release|Any CPU
		{B7C2035C-55CB-4F3E-B85F-820AAE5F945C}.Release|Any CPU.Build.0 = Release|Any CPU
		{B7C2035C-55CB-4F3E-B85F-820AAE5F945C}.Release|x64.ActiveCfg = Release|Any CPU
		{B7C2035C-55CB-4F3E-B85F-820AAE5F945C}.Release|x64.Build.0 = Release|Any CPU
		{B7C2035C-55CB-4F3E-B85F-820AAE5F945C}.Release|x86.ActiveCfg = Release|Any CPU
		{B7C2035C-55CB-4F3E-B85F-820AAE5F945C}.Release|x86.Build.0 = Release|Any CPU
		{0E06DC28-95E9-45BD-B749-6090600534BB}.Debug|Any CPU.ActiveCfg = Debug|Any CPU
		{0E06DC28-95E9-45BD-B749-6090600534BB}.Debug|Any CPU.Build.0 = Debug|Any CPU
		{0E06DC28-95E9-45BD-B749-6090600534BB}.Debug|x64.ActiveCfg = Debug|Any CPU
		{0E06DC28-95E9-45BD-B749-6090600534BB}.Debug|x64.Build.0 = Debug|Any CPU
		{0E06DC28-95E9-45BD-B749-6090600534BB}.Debug|x86.ActiveCfg = Debug|Any CPU
		{0E06DC28-95E9-45BD-B749-6090600534BB}.Debug|x86.Build.0 = Debug|Any CPU
		{0E06DC28-95E9-45BD-B749-6090600534BB}.Release|Any CPU.ActiveCfg = Release|Any CPU
		{0E06DC28-95E9-45BD-B749-6090600534BB}.Release|Any CPU.Build.0 = Release|Any CPU
		{0E06DC28-95E9-45BD-B749-6090600534BB}.Release|x64.ActiveCfg = Release|Any CPU
		{0E06DC28-95E9-45BD-B749-6090600534BB}.Release|x64.Build.0 = Release|Any CPU
		{0E06DC28-95E9-45BD-B749-6090600534BB}.Release|x86.ActiveCfg = Release|Any CPU
		{0E06DC28-95E9-45BD-B749-6090600534BB}.Release|x86.Build.0 = Release|Any CPU
		{9A34669E-7489-44CF-9E42-95354BEA1839}.Debug|Any CPU.ActiveCfg = Debug|Any CPU
		{9A34669E-7489-44CF-9E42-95354BEA1839}.Debug|Any CPU.Build.0 = Debug|Any CPU
		{9A34669E-7489-44CF-9E42-95354BEA1839}.Debug|x64.ActiveCfg = Debug|Any CPU
		{9A34669E-7489-44CF-9E42-95354BEA1839}.Debug|x64.Build.0 = Debug|Any CPU
		{9A34669E-7489-44CF-9E42-95354BEA1839}.Debug|x86.ActiveCfg = Debug|Any CPU
		{9A34669E-7489-44CF-9E42-95354BEA1839}.Debug|x86.Build.0 = Debug|Any CPU
		{9A34669E-7489-44CF-9E42-95354BEA1839}.Release|Any CPU.ActiveCfg = Release|Any CPU
		{9A34669E-7489-44CF-9E42-95354BEA1839}.Release|Any CPU.Build.0 = Release|Any CPU
		{9A34669E-7489-44CF-9E42-95354BEA1839}.Release|x64.ActiveCfg = Release|Any CPU
		{9A34669E-7489-44CF-9E42-95354BEA1839}.Release|x64.Build.0 = Release|Any CPU
		{9A34669E-7489-44CF-9E42-95354BEA1839}.Release|x86.ActiveCfg = Release|Any CPU
		{9A34669E-7489-44CF-9E42-95354BEA1839}.Release|x86.Build.0 = Release|Any CPU
		{B67D22D3-F48E-4DB8-A72B-2397431F5AE9}.Debug|Any CPU.ActiveCfg = Debug|Any CPU
		{B67D22D3-F48E-4DB8-A72B-2397431F5AE9}.Debug|Any CPU.Build.0 = Debug|Any CPU
		{B67D22D3-F48E-4DB8-A72B-2397431F5AE9}.Debug|x64.ActiveCfg = Debug|Any CPU
		{B67D22D3-F48E-4DB8-A72B-2397431F5AE9}.Debug|x64.Build.0 = Debug|Any CPU
		{B67D22D3-F48E-4DB8-A72B-2397431F5AE9}.Debug|x86.ActiveCfg = Debug|Any CPU
		{B67D22D3-F48E-4DB8-A72B-2397431F5AE9}.Debug|x86.Build.0 = Debug|Any CPU
		{B67D22D3-F48E-4DB8-A72B-2397431F5AE9}.Release|Any CPU.ActiveCfg = Release|Any CPU
		{B67D22D3-F48E-4DB8-A72B-2397431F5AE9}.Release|Any CPU.Build.0 = Release|Any CPU
		{B67D22D3-F48E-4DB8-A72B-2397431F5AE9}.Release|x64.ActiveCfg = Release|Any CPU
		{B67D22D3-F48E-4DB8-A72B-2397431F5AE9}.Release|x64.Build.0 = Release|Any CPU
		{B67D22D3-F48E-4DB8-A72B-2397431F5AE9}.Release|x86.ActiveCfg = Release|Any CPU
		{B67D22D3-F48E-4DB8-A72B-2397431F5AE9}.Release|x86.Build.0 = Release|Any CPU
		{450B96A8-EF0D-44BE-928E-CA96C7457EF0}.Debug|Any CPU.ActiveCfg = Debug|Any CPU
		{450B96A8-EF0D-44BE-928E-CA96C7457EF0}.Debug|Any CPU.Build.0 = Debug|Any CPU
		{450B96A8-EF0D-44BE-928E-CA96C7457EF0}.Debug|x64.ActiveCfg = Debug|Any CPU
		{450B96A8-EF0D-44BE-928E-CA96C7457EF0}.Debug|x64.Build.0 = Debug|Any CPU
		{450B96A8-EF0D-44BE-928E-CA96C7457EF0}.Debug|x86.ActiveCfg = Debug|Any CPU
		{450B96A8-EF0D-44BE-928E-CA96C7457EF0}.Debug|x86.Build.0 = Debug|Any CPU
		{450B96A8-EF0D-44BE-928E-CA96C7457EF0}.Release|Any CPU.ActiveCfg = Release|Any CPU
		{450B96A8-EF0D-44BE-928E-CA96C7457EF0}.Release|Any CPU.Build.0 = Release|Any CPU
		{450B96A8-EF0D-44BE-928E-CA96C7457EF0}.Release|x64.ActiveCfg = Release|Any CPU
		{450B96A8-EF0D-44BE-928E-CA96C7457EF0}.Release|x64.Build.0 = Release|Any CPU
		{450B96A8-EF0D-44BE-928E-CA96C7457EF0}.Release|x86.ActiveCfg = Release|Any CPU
		{450B96A8-EF0D-44BE-928E-CA96C7457EF0}.Release|x86.Build.0 = Release|Any CPU
	EndGlobalSection
	GlobalSection(SolutionProperties) = preSolution
		HideSolutionNode = FALSE
	EndGlobalSection
	GlobalSection(NestedProjects) = preSolution
		{6FA2E35E-4FEB-41FE-B419-E43DAFB6C47E} = {64EC4C88-F938-4ACF-B051-01D5B41767BE}
		{ABCF35CC-97A1-4258-8BA5-F6528851CB52} = {6FA2E35E-4FEB-41FE-B419-E43DAFB6C47E}
		{157330F6-AE25-4343-98EB-DA7C925C2E46} = {ABCF35CC-97A1-4258-8BA5-F6528851CB52}
		{800E6331-9726-44C6-B664-0B657A0773C2} = {ABCF35CC-97A1-4258-8BA5-F6528851CB52}
		{AA05A4BB-BC42-42B0-93DD-F6C4C8ADEBA5} = {ABCF35CC-97A1-4258-8BA5-F6528851CB52}
		{E2AA6D72-3168-4142-A552-CFA17AC18288} = {ABCF35CC-97A1-4258-8BA5-F6528851CB52}
		{DE781383-807A-4D78-82C0-A1701A05117A} = {ABCF35CC-97A1-4258-8BA5-F6528851CB52}
		{68B181EF-7F84-4315-842F-513FABCC6AF3} = {6FA2E35E-4FEB-41FE-B419-E43DAFB6C47E}
		{BA337921-FA8B-449F-A496-648AFBFDE45D} = {68B181EF-7F84-4315-842F-513FABCC6AF3}
		{53C71DDA-D820-486A-AD87-F8B97F7E3997} = {68B181EF-7F84-4315-842F-513FABCC6AF3}
		{45FBB0E8-B166-4DF5-888F-93F0034BE867} = {68B181EF-7F84-4315-842F-513FABCC6AF3}
		{D97CB8FE-11F4-40C8-A748-5F9D845E171B} = {68B181EF-7F84-4315-842F-513FABCC6AF3}
		{D10311BF-C2E7-41F2-9ADD-9E5AED099A91} = {68B181EF-7F84-4315-842F-513FABCC6AF3}
		{08D18C49-833F-40DD-9B9F-D8EC2126A3BC} = {64EC4C88-F938-4ACF-B051-01D5B41767BE}
		{88817BE4-75EB-4A74-BA01-D53B28649030} = {08D18C49-833F-40DD-9B9F-D8EC2126A3BC}
		{624D88C8-25CB-4E90-BB45-AD35E3B09CB4} = {6FA2E35E-4FEB-41FE-B419-E43DAFB6C47E}
		{1F841C79-5BB7-48FC-B068-D9D43873215E} = {624D88C8-25CB-4E90-BB45-AD35E3B09CB4}
		{55B6CF85-684D-4023-AB03-9BC8828B4045} = {6FA2E35E-4FEB-41FE-B419-E43DAFB6C47E}
		{2FBD6C9B-EAA7-4C28-9589-5B2BFFF827EC} = {55B6CF85-684D-4023-AB03-9BC8828B4045}
		{28DBFE22-B814-4735-BA37-53B0FDE8DDD4} = {6FA2E35E-4FEB-41FE-B419-E43DAFB6C47E}
		{A2D36B1F-DCA8-40C6-B55B-0CE27870B531} = {28DBFE22-B814-4735-BA37-53B0FDE8DDD4}
		{9F64FC27-70CA-45BF-9D4F-B8D01F55D2CC} = {28DBFE22-B814-4735-BA37-53B0FDE8DDD4}
		{B7C2035C-55CB-4F3E-B85F-820AAE5F945C} = {28DBFE22-B814-4735-BA37-53B0FDE8DDD4}
		{0E06DC28-95E9-45BD-B749-6090600534BB} = {28DBFE22-B814-4735-BA37-53B0FDE8DDD4}
		{9A34669E-7489-44CF-9E42-95354BEA1839} = {28DBFE22-B814-4735-BA37-53B0FDE8DDD4}
		{15FE6E1F-C2ED-4B82-B4F4-975AB478E684} = {6FA2E35E-4FEB-41FE-B419-E43DAFB6C47E}
		{B67D22D3-F48E-4DB8-A72B-2397431F5AE9} = {15FE6E1F-C2ED-4B82-B4F4-975AB478E684}
		{450B96A8-EF0D-44BE-928E-CA96C7457EF0} = {15FE6E1F-C2ED-4B82-B4F4-975AB478E684}
	EndGlobalSection
	GlobalSection(ExtensibilityGlobals) = postSolution
		SolutionGuid = {5332FABC-2BBE-4737-B844-51A7C7F0F7ED}
	EndGlobalSection
EndGlobal
